
Microsoft Visual Studio Solution File, Format Version 12.00
# Visual Studio 14
VisualStudioVersion = 14.0.23107.0
MinimumVisualStudioVersion = 10.0.40219.1
Project("{FAE04EC0-301F-11D3-BF4B-00C04F79EFBC}") = "GraphicsDemo", "GraphicsDemo\GraphicsDemo.csproj", "{307FBDC8-4B26-4564-953D-6D96DF678C30}"
EndProject
Project("{FAE04EC0-301F-11D3-BF4B-00C04F79EFBC}") = "GraphicsDemoPart2", "GraphicsDemoPart2\GraphicsDemoPart2.csproj", "{9E3BEDF6-0B08-4046-B5B9-0137634E177D}"
EndProject
Global
	GlobalSection(SolutionConfigurationPlatforms) = preSolution
		Debug|Any CPU = Debug|Any CPU
		Release|Any CPU = Release|Any CPU
	EndGlobalSection
	GlobalSection(ProjectConfigurationPlatforms) = postSolution
		{307FBDC8-4B26-4564-953D-6D96DF678C30}.Debug|Any CPU.ActiveCfg = Debug|Any CPU
		{307FBDC8-4B26-4564-953D-6D96DF678C30}.Debug|Any CPU.Build.0 = Debug|Any CPU
		{307FBDC8-4B26-4564-953D-6D96DF678C30}.Release|Any CPU.ActiveCfg = Release|Any CPU
		{307FBDC8-4B26-4564-953D-6D96DF678C30}.Release|Any CPU.Build.0 = Release|Any CPU
		{9E3BEDF6-0B08-4046-B5B9-0137634E177D}.Debug|Any CPU.ActiveCfg = Debug|Any CPU
		{9E3BEDF6-0B08-4046-B5B9-0137634E177D}.Debug|Any CPU.Build.0 = Debug|Any CPU
		{9E3BEDF6-0B08-4046-B5B9-0137634E177D}.Release|Any CPU.ActiveCfg = Release|Any CPU
		{9E3BEDF6-0B08-4046-B5B9-0137634E177D}.Release|Any CPU.Build.0 = Release|Any CPU
	EndGlobalSection
	GlobalSection(SolutionProperties) = preSolution
		HideSolutionNode = FALSE
	EndGlobalSection
EndGlobal
