
Microsoft Visual Studio Solution File, Format Version 12.00
# Visual Studio 14
VisualStudioVersion = 14.0.23107.0
MinimumVisualStudioVersion = 10.0.40219.1
Project("{FAE04EC0-301F-11D3-BF4B-00C04F79EFBC}") = "TestingCode", "TestingCode\TestingCode.csproj", "{BD483DC2-E689-4091-AB52-663199A740BF}"
EndProject
Global
	GlobalSection(SolutionConfigurationPlatforms) = preSolution
		Debug|Any CPU = Debug|Any CPU
		Release|Any CPU = Release|Any CPU
	EndGlobalSection
	GlobalSection(ProjectConfigurationPlatforms) = postSolution
		{BD483DC2-E689-4091-AB52-663199A740BF}.Debug|Any CPU.ActiveCfg = Debug|Any CPU
		{BD483DC2-E689-4091-AB52-663199A740BF}.Debug|Any CPU.Build.0 = Debug|Any CPU
		{BD483DC2-E689-4091-AB52-663199A740BF}.Release|Any CPU.ActiveCfg = Release|Any CPU
		{BD483DC2-E689-4091-AB52-663199A740BF}.Release|Any CPU.Build.0 = Release|Any CPU
	EndGlobalSection
	GlobalSection(SolutionProperties) = preSolution
		HideSolutionNode = FALSE
	EndGlobalSection
EndGlobal
